
Microsoft Visual Studio Solution File, Format Version 12.00
# Visual Studio Version 16
VisualStudioVersion = 16.0.31702.278
MinimumVisualStudioVersion = 10.0.40219.1
Project("{FAE04EC0-301F-11D3-BF4B-00C04F79EFBC}") = "spaudyal.core", "spaudyal.core\spaudyal.core.csproj", "{9567EF89-ACDB-48EA-8112-998C53D30C35}"
EndProject
Global
	GlobalSection(SolutionConfigurationPlatforms) = preSolution
		Debug|Any CPU = Debug|Any CPU
		Release|Any CPU = Release|Any CPU
	EndGlobalSection
	GlobalSection(ProjectConfigurationPlatforms) = postSolution
		{9567EF89-ACDB-48EA-8112-998C53D30C35}.Debug|Any CPU.ActiveCfg = Debug|Any CPU
		{9567EF89-ACDB-48EA-8112-998C53D30C35}.Debug|Any CPU.Build.0 = Debug|Any CPU
		{9567EF89-ACDB-48EA-8112-998C53D30C35}.Release|Any CPU.ActiveCfg = Release|Any CPU
		{9567EF89-ACDB-48EA-8112-998C53D30C35}.Release|Any CPU.Build.0 = Release|Any CPU
	EndGlobalSection
	GlobalSection(SolutionProperties) = preSolution
		HideSolutionNode = FALSE
	EndGlobalSection
	GlobalSection(ExtensibilityGlobals) = postSolution
		SolutionGuid = {77EC0C82-70AD-455D-81C1-393085B30353}
	EndGlobalSection
EndGlobal
